// !$*UTF8*$!
{
	archiveVersion = 1;
	classes = {
	};
	objectVersion = 54;
	objects = {

/* Begin PBXAggregateTarget section */
		BF4366422B4B059400009182 /* PopMp4_Universal */ = {
			isa = PBXAggregateTarget;
			buildConfigurationList = BF4366432B4B059400009182 /* Build configuration list for PBXAggregateTarget "PopMp4_Universal" */;
			buildPhases = (
				BF4366462B4B059A00009182 /* ShellScript */,
			);
			dependencies = (
			);
			name = PopMp4_Universal;
			productName = PopMp4_Uni;
		};
/* End PBXAggregateTarget section */

/* Begin PBXBuildFile section */
		BF18BBB02B55AD1E00A0CDDF /* PopJson.cpp in Sources */ = {isa = PBXBuildFile; fileRef = BF18BBAE2B55AD1E00A0CDDF /* PopJson.cpp */; };
		BF43661E2B4AE82000009182 /* TestApp.cpp in Sources */ = {isa = PBXBuildFile; fileRef = BF4366172B4AE80B00009182 /* TestApp.cpp */; };
		BF43662F2B4AFA4500009182 /* Mp4Decoder.cpp in Sources */ = {isa = PBXBuildFile; fileRef = BF43661F2B4AEC6500009182 /* Mp4Decoder.cpp */; };
		BF4366302B4AFA4800009182 /* Mp4Parser.cpp in Sources */ = {isa = PBXBuildFile; fileRef = BFAFE14826F0CD8800A8F5C8 /* Mp4Parser.cpp */; };
		BF4366312B4AFA4A00009182 /* PopMp4.cpp in Sources */ = {isa = PBXBuildFile; fileRef = BFC7E7BC26F0B67F0032E0DB /* PopMp4.cpp */; };
		BF4366332B4AFA5F00009182 /* PopMp4.framework in Frameworks */ = {isa = PBXBuildFile; fileRef = BF4366282B4AFA2E00009182 /* PopMp4.framework */; };
		BF4366342B4AFA5F00009182 /* PopMp4.framework in Embed Frameworks */ = {isa = PBXBuildFile; fileRef = BF4366282B4AFA2E00009182 /* PopMp4.framework */; settings = {ATTRIBUTES = (CodeSignOnCopy, RemoveHeadersOnCopy, ); }; };
		BF4366392B4AFCF500009182 /* PopMp4.h in Headers */ = {isa = PBXBuildFile; fileRef = BFC7E7BF26F0B68E0032E0DB /* PopMp4.h */; settings = {ATTRIBUTES = (Public, ); }; };
		BF843DF92B5DC02800247665 /* json11.cpp in Sources */ = {isa = PBXBuildFile; fileRef = BF843DF82B5DC02500247665 /* json11.cpp */; };
		BF843DFA2B5DC02900247665 /* json11.cpp in Sources */ = {isa = PBXBuildFile; fileRef = BF843DF82B5DC02500247665 /* json11.cpp */; };
		BFFF91902B52EE880096803A /* gtest-all.cc in Sources */ = {isa = PBXBuildFile; fileRef = BFFF918F2B52EE880096803A /* gtest-all.cc */; };
		BFFF91922B52EF600096803A /* TestData in CopyFiles */ = {isa = PBXBuildFile; fileRef = BFFF91912B52EF3E0096803A /* TestData */; };
		BFFF91972B545DF10096803A /* PopJson.cpp in Sources */ = {isa = PBXBuildFile; fileRef = BFFF91952B545DEC0096803A /* PopJson.cpp */; };
/* End PBXBuildFile section */

/* Begin PBXContainerItemProxy section */
		BF4366352B4AFA6000009182 /* PBXContainerItemProxy */ = {
			isa = PBXContainerItemProxy;
			containerPortal = BFC7E7A826F0B6500032E0DB /* Project object */;
			proxyType = 1;
			remoteGlobalIDString = BF4366272B4AFA2E00009182;
			remoteInfo = PopMp4;
		};
/* End PBXContainerItemProxy section */

/* Begin PBXCopyFilesBuildPhase section */
		BF4366372B4AFA6000009182 /* Embed Frameworks */ = {
			isa = PBXCopyFilesBuildPhase;
			buildActionMask = 2147483647;
			dstPath = "";
			dstSubfolderSpec = 10;
			files = (
				BF4366342B4AFA5F00009182 /* PopMp4.framework in Embed Frameworks */,
			);
			name = "Embed Frameworks";
			runOnlyForDeploymentPostprocessing = 0;
		};
		BFC7E7AE26F0B6500032E0DB /* CopyFiles */ = {
			isa = PBXCopyFilesBuildPhase;
			buildActionMask = 12;
			dstPath = "";
			dstSubfolderSpec = 16;
			files = (
				BFFF91922B52EF600096803A /* TestData in CopyFiles */,
			);
			runOnlyForDeploymentPostprocessing = 0;
		};
/* End PBXCopyFilesBuildPhase section */

/* Begin PBXFileReference section */
		BF18BBAD2B55AD1E00A0CDDF /* PopJson.hpp */ = {isa = PBXFileReference; fileEncoding = 4; lastKnownFileType = sourcecode.cpp.h; name = PopJson.hpp; path = Source_TestApp/PopJson/PopJson.hpp; sourceTree = SOURCE_ROOT; };
		BF18BBAE2B55AD1E00A0CDDF /* PopJson.cpp */ = {isa = PBXFileReference; fileEncoding = 4; lastKnownFileType = sourcecode.cpp.cpp; name = PopJson.cpp; path = Source_TestApp/PopJson/PopJson.cpp; sourceTree = SOURCE_ROOT; };
		BF4366152B4ADD6C00009182 /* Readme.md */ = {isa = PBXFileReference; lastKnownFileType = net.daringfireball.markdown; path = Readme.md; sourceTree = "<group>"; };
		BF4366172B4AE80B00009182 /* TestApp.cpp */ = {isa = PBXFileReference; lastKnownFileType = sourcecode.cpp.cpp; path = TestApp.cpp; sourceTree = "<group>"; };
		BF4366192B4AE80B00009182 /* Macos_TestApp.xcconfig */ = {isa = PBXFileReference; lastKnownFileType = text.xcconfig; path = Macos_TestApp.xcconfig; sourceTree = "<group>"; };
		BF43661A2B4AE80B00009182 /* Version.xcconfig */ = {isa = PBXFileReference; lastKnownFileType = text.xcconfig; path = Version.xcconfig; sourceTree = "<group>"; };
		BF43661B2B4AE80B00009182 /* Apple.xcconfig */ = {isa = PBXFileReference; lastKnownFileType = text.xcconfig; path = Apple.xcconfig; sourceTree = "<group>"; };
		BF43661C2B4AE80B00009182 /* BuildUniversalFramework.sh */ = {isa = PBXFileReference; lastKnownFileType = text.script.sh; path = BuildUniversalFramework.sh; sourceTree = "<group>"; };
		BF43661D2B4AE81400009182 /* PopMp4.SwiftPackage */ = {isa = PBXFileReference; lastKnownFileType = wrapper; path = PopMp4.SwiftPackage; sourceTree = "<group>"; };
		BF43661F2B4AEC6500009182 /* Mp4Decoder.cpp */ = {isa = PBXFileReference; lastKnownFileType = sourcecode.cpp.cpp; path = Mp4Decoder.cpp; sourceTree = "<group>"; };
		BF4366202B4AEC6500009182 /* Mp4Decoder.hpp */ = {isa = PBXFileReference; lastKnownFileType = sourcecode.cpp.h; path = Mp4Decoder.hpp; sourceTree = "<group>"; };
		BF4366212B4AEF6C00009182 /* InstanceManager.hpp */ = {isa = PBXFileReference; lastKnownFileType = sourcecode.cpp.h; path = InstanceManager.hpp; sourceTree = "<group>"; };
		BF4366282B4AFA2E00009182 /* PopMp4.framework */ = {isa = PBXFileReference; explicitFileType = wrapper.framework; includeInIndex = 0; path = PopMp4.framework; sourceTree = BUILT_PRODUCTS_DIR; };
		BF43662A2B4AFA2E00009182 /* PopMp4Framework.h */ = {isa = PBXFileReference; lastKnownFileType = sourcecode.c.h; path = PopMp4Framework.h; sourceTree = "<group>"; };
		BF4366382B4AFAFE00009182 /* Macos_Framework.xcconfig */ = {isa = PBXFileReference; lastKnownFileType = text.xcconfig; path = Macos_Framework.xcconfig; sourceTree = "<group>"; };
		BF4366482B4B06C300009182 /* UniversalFramework.xcconfig */ = {isa = PBXFileReference; lastKnownFileType = text.xcconfig; path = UniversalFramework.xcconfig; sourceTree = "<group>"; };
		BF843DF72B5DC02500247665 /* json11.hpp */ = {isa = PBXFileReference; lastKnownFileType = sourcecode.cpp.h; name = json11.hpp; path = Json11/json11.hpp; sourceTree = "<group>"; };
		BF843DF82B5DC02500247665 /* json11.cpp */ = {isa = PBXFileReference; lastKnownFileType = sourcecode.cpp.cpp; name = json11.cpp; path = Json11/json11.cpp; sourceTree = "<group>"; };
		BFAFE14726F0CD8800A8F5C8 /* Mp4Parser.hpp */ = {isa = PBXFileReference; fileEncoding = 4; lastKnownFileType = sourcecode.cpp.h; path = Mp4Parser.hpp; sourceTree = "<group>"; };
		BFAFE14826F0CD8800A8F5C8 /* Mp4Parser.cpp */ = {isa = PBXFileReference; fileEncoding = 4; lastKnownFileType = sourcecode.cpp.cpp; path = Mp4Parser.cpp; sourceTree = "<group>"; };
		BFC7E7B026F0B6500032E0DB /* PopMp4_TestApp */ = {isa = PBXFileReference; explicitFileType = "compiled.mach-o.executable"; includeInIndex = 0; path = PopMp4_TestApp; sourceTree = BUILT_PRODUCTS_DIR; };
		BFC7E7BC26F0B67F0032E0DB /* PopMp4.cpp */ = {isa = PBXFileReference; fileEncoding = 4; lastKnownFileType = sourcecode.cpp.cpp; path = PopMp4.cpp; sourceTree = "<group>"; };
		BFC7E7BF26F0B68E0032E0DB /* PopMp4.h */ = {isa = PBXFileReference; lastKnownFileType = sourcecode.c.h; path = PopMp4.h; sourceTree = "<group>"; };
		BFFF918F2B52EE880096803A /* gtest-all.cc */ = {isa = PBXFileReference; fileEncoding = 4; lastKnownFileType = sourcecode.cpp.cpp; name = "gtest-all.cc"; path = "googletest/googletest/src/gtest-all.cc"; sourceTree = "<group>"; };
		BFFF91912B52EF3E0096803A /* TestData */ = {isa = PBXFileReference; lastKnownFileType = folder; path = TestData; sourceTree = "<group>"; };
		BFFF91942B545DEC0096803A /* PopJson.hpp */ = {isa = PBXFileReference; lastKnownFileType = sourcecode.cpp.h; name = PopJson.hpp; path = PopJson/PopJson.hpp; sourceTree = "<group>"; };
		BFFF91952B545DEC0096803A /* PopJson.cpp */ = {isa = PBXFileReference; lastKnownFileType = sourcecode.cpp.cpp; name = PopJson.cpp; path = PopJson/PopJson.cpp; sourceTree = "<group>"; };
/* End PBXFileReference section */

/* Begin PBXFrameworksBuildPhase section */
		BF4366252B4AFA2E00009182 /* Frameworks */ = {
			isa = PBXFrameworksBuildPhase;
			buildActionMask = 2147483647;
			files = (
			);
			runOnlyForDeploymentPostprocessing = 0;
		};
		BFC7E7AD26F0B6500032E0DB /* Frameworks */ = {
			isa = PBXFrameworksBuildPhase;
			buildActionMask = 2147483647;
			files = (
				BF4366332B4AFA5F00009182 /* PopMp4.framework in Frameworks */,
			);
			runOnlyForDeploymentPostprocessing = 0;
		};
/* End PBXFrameworksBuildPhase section */

/* Begin PBXGroup section */
		BF18BBAC2B55AD1100A0CDDF /* PopJson */ = {
			isa = PBXGroup;
			children = (
				BF18BBAE2B55AD1E00A0CDDF /* PopJson.cpp */,
				BF18BBAD2B55AD1E00A0CDDF /* PopJson.hpp */,
			);
			name = PopJson;
			sourceTree = "<group>";
		};
		BF4366162B4AE80B00009182 /* Source_TestApp */ = {
			isa = PBXGroup;
			children = (
				BFFF91932B545DDE0096803A /* PopJson */,
				BFFF918E2B52EE7B0096803A /* googletest */,
				BF4366172B4AE80B00009182 /* TestApp.cpp */,
			);
			path = Source_TestApp;
			sourceTree = "<group>";
		};
		BF4366182B4AE80B00009182 /* Source_Apple */ = {
			isa = PBXGroup;
			children = (
				BF43661B2B4AE80B00009182 /* Apple.xcconfig */,
				BF43661C2B4AE80B00009182 /* BuildUniversalFramework.sh */,
				BF4366382B4AFAFE00009182 /* Macos_Framework.xcconfig */,
				BF4366192B4AE80B00009182 /* Macos_TestApp.xcconfig */,
				BF43662A2B4AFA2E00009182 /* PopMp4Framework.h */,
				BF4366482B4B06C300009182 /* UniversalFramework.xcconfig */,
				BF43661A2B4AE80B00009182 /* Version.xcconfig */,
			);
			path = Source_Apple;
			sourceTree = "<group>";
		};
		BF4366322B4AFA5F00009182 /* Frameworks */ = {
			isa = PBXGroup;
			children = (
			);
			name = Frameworks;
			sourceTree = "<group>";
		};
		BF843DF62B5DC01600247665 /* Json11 */ = {
			isa = PBXGroup;
			children = (
				BF843DF82B5DC02500247665 /* json11.cpp */,
				BF843DF72B5DC02500247665 /* json11.hpp */,
			);
			name = Json11;
			sourceTree = "<group>";
		};
		BFC7E7A726F0B6500032E0DB = {
			isa = PBXGroup;
			children = (
				BF4366322B4AFA5F00009182 /* Frameworks */,
				BF43661D2B4AE81400009182 /* PopMp4.SwiftPackage */,
				BFC7E7B126F0B6500032E0DB /* Products */,
				BF4366152B4ADD6C00009182 /* Readme.md */,
				BFC7E7B226F0B6500032E0DB /* Source */,
				BF4366182B4AE80B00009182 /* Source_Apple */,
				BF4366162B4AE80B00009182 /* Source_TestApp */,
				BFFF91912B52EF3E0096803A /* TestData */,
			);
			sourceTree = "<group>";
		};
		BFC7E7B126F0B6500032E0DB /* Products */ = {
			isa = PBXGroup;
			children = (
				BFC7E7B026F0B6500032E0DB /* PopMp4_TestApp */,
				BF4366282B4AFA2E00009182 /* PopMp4.framework */,
			);
			name = Products;
			sourceTree = "<group>";
		};
		BFC7E7B226F0B6500032E0DB /* Source */ = {
			isa = PBXGroup;
			children = (
				BF843DF62B5DC01600247665 /* Json11 */,
				BF18BBAC2B55AD1100A0CDDF /* PopJson */,
				BF4366212B4AEF6C00009182 /* InstanceManager.hpp */,
				BF43661F2B4AEC6500009182 /* Mp4Decoder.cpp */,
				BF4366202B4AEC6500009182 /* Mp4Decoder.hpp */,
				BFAFE14826F0CD8800A8F5C8 /* Mp4Parser.cpp */,
				BFAFE14726F0CD8800A8F5C8 /* Mp4Parser.hpp */,
				BFC7E7BC26F0B67F0032E0DB /* PopMp4.cpp */,
				BFC7E7BF26F0B68E0032E0DB /* PopMp4.h */,
			);
			path = Source;
			sourceTree = "<group>";
		};
		BFFF918E2B52EE7B0096803A /* googletest */ = {
			isa = PBXGroup;
			children = (
				BFFF918F2B52EE880096803A /* gtest-all.cc */,
			);
			name = googletest;
			sourceTree = "<group>";
		};
		BFFF91932B545DDE0096803A /* PopJson */ = {
			isa = PBXGroup;
			children = (
				BFFF91952B545DEC0096803A /* PopJson.cpp */,
				BFFF91942B545DEC0096803A /* PopJson.hpp */,
			);
			name = PopJson;
			sourceTree = "<group>";
		};
/* End PBXGroup section */

/* Begin PBXHeadersBuildPhase section */
		BF4366232B4AFA2E00009182 /* Headers */ = {
			isa = PBXHeadersBuildPhase;
			buildActionMask = 2147483647;
			files = (
				BF4366392B4AFCF500009182 /* PopMp4.h in Headers */,
			);
			runOnlyForDeploymentPostprocessing = 0;
		};
/* End PBXHeadersBuildPhase section */

/* Begin PBXNativeTarget section */
		BF4366272B4AFA2E00009182 /* PopMp4 */ = {
			isa = PBXNativeTarget;
			buildConfigurationList = BF43662C2B4AFA2E00009182 /* Build configuration list for PBXNativeTarget "PopMp4" */;
			buildPhases = (
				BF4366232B4AFA2E00009182 /* Headers */,
				BF4366242B4AFA2E00009182 /* Sources */,
				BF4366252B4AFA2E00009182 /* Frameworks */,
				BF4366262B4AFA2E00009182 /* Resources */,
			);
			buildRules = (
			);
			dependencies = (
			);
			name = PopMp4;
			productName = PopMp4;
			productReference = BF4366282B4AFA2E00009182 /* PopMp4.framework */;
			productType = "com.apple.product-type.framework";
		};
		BFC7E7AF26F0B6500032E0DB /* PopMp4_TestApp */ = {
			isa = PBXNativeTarget;
			buildConfigurationList = BFC7E7B726F0B6500032E0DB /* Build configuration list for PBXNativeTarget "PopMp4_TestApp" */;
			buildPhases = (
				BFC7E7AC26F0B6500032E0DB /* Sources */,
				BFC7E7AD26F0B6500032E0DB /* Frameworks */,
				BFC7E7AE26F0B6500032E0DB /* CopyFiles */,
				BF4366372B4AFA6000009182 /* Embed Frameworks */,
			);
			buildRules = (
			);
			dependencies = (
				BF4366362B4AFA6000009182 /* PBXTargetDependency */,
			);
			name = PopMp4_TestApp;
			productName = PopMp4;
			productReference = BFC7E7B026F0B6500032E0DB /* PopMp4_TestApp */;
			productType = "com.apple.product-type.tool";
		};
/* End PBXNativeTarget section */

/* Begin PBXProject section */
		BFC7E7A826F0B6500032E0DB /* Project object */ = {
			isa = PBXProject;
			attributes = {
				BuildIndependentTargetsInParallel = YES;
				LastUpgradeCheck = 1520;
				TargetAttributes = {
					BF4366272B4AFA2E00009182 = {
						CreatedOnToolsVersion = 15.2;
					};
					BF4366422B4B059400009182 = {
						CreatedOnToolsVersion = 15.2;
					};
					BFC7E7AF26F0B6500032E0DB = {
						CreatedOnToolsVersion = 12.2;
					};
				};
			};
			buildConfigurationList = BFC7E7AB26F0B6500032E0DB /* Build configuration list for PBXProject "PopMp4" */;
			compatibilityVersion = "Xcode 9.3";
			developmentRegion = en;
			hasScannedForEncodings = 0;
			knownRegions = (
				en,
				Base,
			);
			mainGroup = BFC7E7A726F0B6500032E0DB;
			productRefGroup = BFC7E7B126F0B6500032E0DB /* Products */;
			projectDirPath = "";
			projectRoot = "";
			targets = (
				BFC7E7AF26F0B6500032E0DB /* PopMp4_TestApp */,
				BF4366272B4AFA2E00009182 /* PopMp4 */,
				BF4366422B4B059400009182 /* PopMp4_Universal */,
			);
		};
/* End PBXProject section */

/* Begin PBXResourcesBuildPhase section */
		BF4366262B4AFA2E00009182 /* Resources */ = {
			isa = PBXResourcesBuildPhase;
			buildActionMask = 2147483647;
			files = (
			);
			runOnlyForDeploymentPostprocessing = 0;
		};
/* End PBXResourcesBuildPhase section */

/* Begin PBXShellScriptBuildPhase section */
		BF4366462B4B059A00009182 /* ShellScript */ = {
			isa = PBXShellScriptBuildPhase;
			buildActionMask = 2147483647;
			files = (
			);
			inputFileListPaths = (
			);
			inputPaths = (
			);
			outputFileListPaths = (
			);
			outputPaths = (
				"${BUILT_PRODUCTS_DIR}/${FULL_PRODUCT_NAME}",
			);
			runOnlyForDeploymentPostprocessing = 0;
			shellPath = /bin/sh;
			shellScript = "chmod +x ./Source_Apple/BuildUniversalFramework.sh\n./Source_Apple/BuildUniversalFramework.sh ${PROJECT_NAME}\n";
		};
/* End PBXShellScriptBuildPhase section */

/* Begin PBXSourcesBuildPhase section */
		BF4366242B4AFA2E00009182 /* Sources */ = {
			isa = PBXSourcesBuildPhase;
			buildActionMask = 2147483647;
			files = (
				BF4366302B4AFA4800009182 /* Mp4Parser.cpp in Sources */,
				BF18BBB02B55AD1E00A0CDDF /* PopJson.cpp in Sources */,
				BF843DFA2B5DC02900247665 /* json11.cpp in Sources */,
				BF4366312B4AFA4A00009182 /* PopMp4.cpp in Sources */,
				BF43662F2B4AFA4500009182 /* Mp4Decoder.cpp in Sources */,
			);
			runOnlyForDeploymentPostprocessing = 0;
		};
		BFC7E7AC26F0B6500032E0DB /* Sources */ = {
			isa = PBXSourcesBuildPhase;
			buildActionMask = 2147483647;
			files = (
				BFFF91972B545DF10096803A /* PopJson.cpp in Sources */,
				BF43661E2B4AE82000009182 /* TestApp.cpp in Sources */,
				BFFF91902B52EE880096803A /* gtest-all.cc in Sources */,
				BF843DF92B5DC02800247665 /* json11.cpp in Sources */,
			);
			runOnlyForDeploymentPostprocessing = 0;
		};
/* End PBXSourcesBuildPhase section */

/* Begin PBXTargetDependency section */
		BF4366362B4AFA6000009182 /* PBXTargetDependency */ = {
			isa = PBXTargetDependency;
			target = BF4366272B4AFA2E00009182 /* PopMp4 */;
			targetProxy = BF4366352B4AFA6000009182 /* PBXContainerItemProxy */;
		};
/* End PBXTargetDependency section */

/* Begin XCBuildConfiguration section */
		BF43662D2B4AFA2E00009182 /* Debug */ = {
			isa = XCBuildConfiguration;
			baseConfigurationReference = BF4366382B4AFAFE00009182 /* Macos_Framework.xcconfig */;
			buildSettings = {
				ASSETCATALOG_COMPILER_GENERATE_SWIFT_ASSET_SYMBOL_EXTENSIONS = YES;
				CODE_SIGN_IDENTITY = "Apple Development";
				CODE_SIGN_STYLE = Automatic;
				DEVELOPMENT_TEAM = X52DR36JY2;
				INSTALL_PATH = "$(LOCAL_LIBRARY_DIR)/Frameworks";
				LD_RUNPATH_SEARCH_PATHS = (
					"@executable_path/Frameworks",
					"@loader_path/Frameworks",
				);
				"LD_RUNPATH_SEARCH_PATHS[sdk=macosx*]" = (
					"@executable_path/../Frameworks",
					"@loader_path/Frameworks",
				);
				LOCALIZATION_PREFERS_STRING_CATALOGS = YES;
				PROVISIONING_PROFILE_SPECIFIER = "";
				SWIFT_ACTIVE_COMPILATION_CONDITIONS = "DEBUG $(inherited)";
				SWIFT_EMIT_LOC_STRINGS = YES;
				SWIFT_OPTIMIZATION_LEVEL = "-Onone";
				SWIFT_VERSION = 5.0;
				TARGETED_DEVICE_FAMILY = "1,2";
			};
			name = Debug;
		};
		BF43662E2B4AFA2E00009182 /* Release */ = {
			isa = XCBuildConfiguration;
			baseConfigurationReference = BF4366382B4AFAFE00009182 /* Macos_Framework.xcconfig */;
			buildSettings = {
				ASSETCATALOG_COMPILER_GENERATE_SWIFT_ASSET_SYMBOL_EXTENSIONS = YES;
				CODE_SIGN_IDENTITY = "Apple Development";
				CODE_SIGN_STYLE = Automatic;
				DEVELOPMENT_TEAM = X52DR36JY2;
				INSTALL_PATH = "$(LOCAL_LIBRARY_DIR)/Frameworks";
				LD_RUNPATH_SEARCH_PATHS = (
					"@executable_path/Frameworks",
					"@loader_path/Frameworks",
				);
				"LD_RUNPATH_SEARCH_PATHS[sdk=macosx*]" = (
					"@executable_path/../Frameworks",
					"@loader_path/Frameworks",
				);
				LOCALIZATION_PREFERS_STRING_CATALOGS = YES;
				PROVISIONING_PROFILE_SPECIFIER = "";
				SWIFT_COMPILATION_MODE = wholemodule;
				SWIFT_EMIT_LOC_STRINGS = YES;
				SWIFT_VERSION = 5.0;
				TARGETED_DEVICE_FAMILY = "1,2";
			};
			name = Release;
		};
		BF4366442B4B059400009182 /* Debug */ = {
			isa = XCBuildConfiguration;
			baseConfigurationReference = BF4366482B4B06C300009182 /* UniversalFramework.xcconfig */;
			buildSettings = {
				CODE_SIGN_STYLE = Automatic;
				DEVELOPMENT_TEAM = X52DR36JY2;
				PRODUCT_NAME = "$(TARGET_NAME)";
			};
			name = Debug;
		};
		BF4366452B4B059400009182 /* Release */ = {
			isa = XCBuildConfiguration;
			baseConfigurationReference = BF4366482B4B06C300009182 /* UniversalFramework.xcconfig */;
			buildSettings = {
				CODE_SIGN_STYLE = Automatic;
				DEVELOPMENT_TEAM = X52DR36JY2;
				PRODUCT_NAME = "$(TARGET_NAME)";
			};
			name = Release;
		};
		BFC7E7B526F0B6500032E0DB /* Debug */ = {
			isa = XCBuildConfiguration;
			buildSettings = {
				ALWAYS_SEARCH_USER_PATHS = NO;
				CLANG_ANALYZER_NONNULL = YES;
				CLANG_ANALYZER_NUMBER_OBJECT_CONVERSION = YES_AGGRESSIVE;
				CLANG_CXX_LANGUAGE_STANDARD = "gnu++17";
				CLANG_CXX_LIBRARY = "libc++";
				CLANG_ENABLE_MODULES = YES;
				CLANG_ENABLE_OBJC_ARC = YES;
				CLANG_ENABLE_OBJC_WEAK = YES;
				CLANG_WARN_BLOCK_CAPTURE_AUTORELEASING = YES;
				CLANG_WARN_BOOL_CONVERSION = YES;
				CLANG_WARN_COMMA = YES;
				CLANG_WARN_CONSTANT_CONVERSION = YES;
				CLANG_WARN_DEPRECATED_OBJC_IMPLEMENTATIONS = YES;
				CLANG_WARN_DIRECT_OBJC_ISA_USAGE = YES_ERROR;
				CLANG_WARN_DOCUMENTATION_COMMENTS = YES;
				CLANG_WARN_EMPTY_BODY = YES;
				CLANG_WARN_ENUM_CONVERSION = YES;
				CLANG_WARN_INFINITE_RECURSION = YES;
				CLANG_WARN_INT_CONVERSION = YES;
				CLANG_WARN_NON_LITERAL_NULL_CONVERSION = YES;
				CLANG_WARN_OBJC_IMPLICIT_RETAIN_SELF = YES;
				CLANG_WARN_OBJC_LITERAL_CONVERSION = YES;
				CLANG_WARN_OBJC_ROOT_CLASS = YES_ERROR;
				CLANG_WARN_QUOTED_INCLUDE_IN_FRAMEWORK_HEADER = YES;
				CLANG_WARN_RANGE_LOOP_ANALYSIS = YES;
				CLANG_WARN_STRICT_PROTOTYPES = YES;
				CLANG_WARN_SUSPICIOUS_MOVE = YES;
				CLANG_WARN_UNGUARDED_AVAILABILITY = YES_AGGRESSIVE;
				CLANG_WARN_UNREACHABLE_CODE = YES;
				CLANG_WARN__DUPLICATE_METHOD_MATCH = YES;
				COPY_PHASE_STRIP = NO;
				DEBUG_INFORMATION_FORMAT = dwarf;
				ENABLE_STRICT_OBJC_MSGSEND = YES;
				ENABLE_TESTABILITY = YES;
				GCC_C_LANGUAGE_STANDARD = gnu11;
				GCC_DYNAMIC_NO_PIC = NO;
				GCC_NO_COMMON_BLOCKS = YES;
				GCC_OPTIMIZATION_LEVEL = 0;
				GCC_PREPROCESSOR_DEFINITIONS = (
					"DEBUG=1",
					"$(inherited)",
				);
				GCC_WARN_64_TO_32_BIT_CONVERSION = YES;
				GCC_WARN_ABOUT_RETURN_TYPE = YES_ERROR;
				GCC_WARN_UNDECLARED_SELECTOR = YES;
				GCC_WARN_UNINITIALIZED_AUTOS = YES_AGGRESSIVE;
				GCC_WARN_UNUSED_FUNCTION = YES;
				GCC_WARN_UNUSED_VARIABLE = YES;
				MACOSX_DEPLOYMENT_TARGET = 10.15;
				MTL_ENABLE_DEBUG_INFO = INCLUDE_SOURCE;
				MTL_FAST_MATH = YES;
				ONLY_ACTIVE_ARCH = NO;
			};
			name = Debug;
		};
		BFC7E7B626F0B6500032E0DB /* Release */ = {
			isa = XCBuildConfiguration;
			buildSettings = {
				ALWAYS_SEARCH_USER_PATHS = NO;
				CLANG_ANALYZER_NONNULL = YES;
				CLANG_ANALYZER_NUMBER_OBJECT_CONVERSION = YES_AGGRESSIVE;
				CLANG_CXX_LANGUAGE_STANDARD = "gnu++17";
				CLANG_CXX_LIBRARY = "libc++";
				CLANG_ENABLE_MODULES = YES;
				CLANG_ENABLE_OBJC_ARC = YES;
				CLANG_ENABLE_OBJC_WEAK = YES;
				CLANG_WARN_BLOCK_CAPTURE_AUTORELEASING = YES;
				CLANG_WARN_BOOL_CONVERSION = YES;
				CLANG_WARN_COMMA = YES;
				CLANG_WARN_CONSTANT_CONVERSION = YES;
				CLANG_WARN_DEPRECATED_OBJC_IMPLEMENTATIONS = YES;
				CLANG_WARN_DIRECT_OBJC_ISA_USAGE = YES_ERROR;
				CLANG_WARN_DOCUMENTATION_COMMENTS = YES;
				CLANG_WARN_EMPTY_BODY = YES;
				CLANG_WARN_ENUM_CONVERSION = YES;
				CLANG_WARN_INFINITE_RECURSION = YES;
				CLANG_WARN_INT_CONVERSION = YES;
				CLANG_WARN_NON_LITERAL_NULL_CONVERSION = YES;
				CLANG_WARN_OBJC_IMPLICIT_RETAIN_SELF = YES;
				CLANG_WARN_OBJC_LITERAL_CONVERSION = YES;
				CLANG_WARN_OBJC_ROOT_CLASS = YES_ERROR;
				CLANG_WARN_QUOTED_INCLUDE_IN_FRAMEWORK_HEADER = YES;
				CLANG_WARN_RANGE_LOOP_ANALYSIS = YES;
				CLANG_WARN_STRICT_PROTOTYPES = YES;
				CLANG_WARN_SUSPICIOUS_MOVE = YES;
				CLANG_WARN_UNGUARDED_AVAILABILITY = YES_AGGRESSIVE;
				CLANG_WARN_UNREACHABLE_CODE = YES;
				CLANG_WARN__DUPLICATE_METHOD_MATCH = YES;
				COPY_PHASE_STRIP = NO;
				DEBUG_INFORMATION_FORMAT = "dwarf-with-dsym";
				ENABLE_NS_ASSERTIONS = NO;
				ENABLE_STRICT_OBJC_MSGSEND = YES;
				GCC_C_LANGUAGE_STANDARD = gnu11;
				GCC_NO_COMMON_BLOCKS = YES;
				GCC_WARN_64_TO_32_BIT_CONVERSION = YES;
				GCC_WARN_ABOUT_RETURN_TYPE = YES_ERROR;
				GCC_WARN_UNDECLARED_SELECTOR = YES;
				GCC_WARN_UNINITIALIZED_AUTOS = YES_AGGRESSIVE;
				GCC_WARN_UNUSED_FUNCTION = YES;
				GCC_WARN_UNUSED_VARIABLE = YES;
				MACOSX_DEPLOYMENT_TARGET = 10.15;
				MTL_ENABLE_DEBUG_INFO = NO;
				MTL_FAST_MATH = YES;
				ONLY_ACTIVE_ARCH = NO;
			};
			name = Release;
		};
		BFC7E7B826F0B6500032E0DB /* Debug */ = {
			isa = XCBuildConfiguration;
			baseConfigurationReference = BF4366192B4AE80B00009182 /* Macos_TestApp.xcconfig */;
			buildSettings = {
				CODE_SIGN_STYLE = Automatic;
				DEVELOPMENT_TEAM = X52DR36JY2;
				ENABLE_HARDENED_RUNTIME = NO;
			};
			name = Debug;
		};
		BFC7E7B926F0B6500032E0DB /* Release */ = {
			isa = XCBuildConfiguration;
			baseConfigurationReference = BF4366192B4AE80B00009182 /* Macos_TestApp.xcconfig */;
			buildSettings = {
				CODE_SIGN_STYLE = Automatic;
				DEVELOPMENT_TEAM = X52DR36JY2;
				ENABLE_HARDENED_RUNTIME = NO;
			};
			name = Release;
		};
/* End XCBuildConfiguration section */

/* Begin XCConfigurationList section */
		BF43662C2B4AFA2E00009182 /* Build configuration list for PBXNativeTarget "PopMp4" */ = {
			isa = XCConfigurationList;
			buildConfigurations = (
				BF43662D2B4AFA2E00009182 /* Debug */,
				BF43662E2B4AFA2E00009182 /* Release */,
			);
			defaultConfigurationIsVisible = 0;
			defaultConfigurationName = Release;
		};
		BF4366432B4B059400009182 /* Build configuration list for PBXAggregateTarget "PopMp4_Universal" */ = {
			isa = XCConfigurationList;
			buildConfigurations = (
				BF4366442B4B059400009182 /* Debug */,
				BF4366452B4B059400009182 /* Release */,
			);
			defaultConfigurationIsVisible = 0;
			defaultConfigurationName = Release;
		};
		BFC7E7AB26F0B6500032E0DB /* Build configuration list for PBXProject "PopMp4" */ = {
			isa = XCConfigurationList;
			buildConfigurations = (
				BFC7E7B526F0B6500032E0DB /* Debug */,
				BFC7E7B626F0B6500032E0DB /* Release */,
			);
			defaultConfigurationIsVisible = 0;
			defaultConfigurationName = Release;
		};
		BFC7E7B726F0B6500032E0DB /* Build configuration list for PBXNativeTarget "PopMp4_TestApp" */ = {
			isa = XCConfigurationList;
			buildConfigurations = (
				BFC7E7B826F0B6500032E0DB /* Debug */,
				BFC7E7B926F0B6500032E0DB /* Release */,
			);
			defaultConfigurationIsVisible = 0;
			defaultConfigurationName = Release;
		};
/* End XCConfigurationList section */
	};
	rootObject = BFC7E7A826F0B6500032E0DB /* Project object */;
}
